// !$*UTF8*$!
{
	archiveVersion = 1;
	classes = {
	};
	objectVersion = 46;
	objects = {

/* Begin PBXBuildFile section */
		25B8FFAA1A5A2F5500ECF493 /* main.m in Sources */ = {isa = PBXBuildFile; fileRef = 25B8FFA91A5A2F5500ECF493 /* main.m */; };
		25B8FFAD1A5A2F5500ECF493 /* AppDelegate.m in Sources */ = {isa = PBXBuildFile; fileRef = 25B8FFAC1A5A2F5500ECF493 /* AppDelegate.m */; };
		25B8FFB01A5A2F5500ECF493 /* ViewController.m in Sources */ = {isa = PBXBuildFile; fileRef = 25B8FFAF1A5A2F5500ECF493 /* ViewController.m */; };
		25B8FFB31A5A2F5500ECF493 /* Main.storyboard in Resources */ = {isa = PBXBuildFile; fileRef = 25B8FFB11A5A2F5500ECF493 /* Main.storyboard */; };
		25B8FFB51A5A2F5500ECF493 /* Images.xcassets in Resources */ = {isa = PBXBuildFile; fileRef = 25B8FFB41A5A2F5500ECF493 /* Images.xcassets */; };
		25B8FFB81A5A2F5500ECF493 /* LaunchScreen.xib in Resources */ = {isa = PBXBuildFile; fileRef = 25B8FFB61A5A2F5500ECF493 /* LaunchScreen.xib */; };
		25B8FFC41A5A2F5500ECF493 /* ____Tests.m in Sources */ = {isa = PBXBuildFile; fileRef = 25B8FFC31A5A2F5500ECF493 /* ____Tests.m */; };
		25B8FFCF1A5A6E1B00ECF493 /* BannerDelegate.m in Sources */ = {isa = PBXBuildFile; fileRef = 25B8FFCE1A5A6E1B00ECF493 /* BannerDelegate.m */; };
/* End PBXBuildFile section */

/* Begin PBXContainerItemProxy section */
		25B8FFBE1A5A2F5500ECF493 /* PBXContainerItemProxy */ = {
			isa = PBXContainerItemProxy;
			containerPortal = 25B8FF9C1A5A2F5500ECF493 /* Project object */;
			proxyType = 1;
			remoteGlobalIDString = 25B8FFA31A5A2F5500ECF493;
			remoteInfo = "喜马拉雅";
		};
/* End PBXContainerItemProxy section */

/* Begin PBXFileReference section */
		25B8FFA41A5A2F5500ECF493 /* 喜马拉雅.app */ = {isa = PBXFileReference; explicitFileType = wrapper.application; includeInIndex = 0; path = "喜马拉雅.app"; sourceTree = BUILT_PRODUCTS_DIR; };
		25B8FFA81A5A2F5500ECF493 /* Info.plist */ = {isa = PBXFileReference; lastKnownFileType = text.plist.xml; path = Info.plist; sourceTree = "<group>"; };
		25B8FFA91A5A2F5500ECF493 /* main.m */ = {isa = PBXFileReference; lastKnownFileType = sourcecode.c.objc; path = main.m; sourceTree = "<group>"; };
		25B8FFAB1A5A2F5500ECF493 /* AppDelegate.h */ = {isa = PBXFileReference; lastKnownFileType = sourcecode.c.h; path = AppDelegate.h; sourceTree = "<group>"; };
		25B8FFAC1A5A2F5500ECF493 /* AppDelegate.m */ = {isa = PBXFileReference; lastKnownFileType = sourcecode.c.objc; path = AppDelegate.m; sourceTree = "<group>"; };
		25B8FFAE1A5A2F5500ECF493 /* ViewController.h */ = {isa = PBXFileReference; lastKnownFileType = sourcecode.c.h; path = ViewController.h; sourceTree = "<group>"; };
		25B8FFAF1A5A2F5500ECF493 /* ViewController.m */ = {isa = PBXFileReference; lastKnownFileType = sourcecode.c.objc; path = ViewController.m; sourceTree = "<group>"; };
		25B8FFB21A5A2F5500ECF493 /* Base */ = {isa = PBXFileReference; lastKnownFileType = file.storyboard; name = Base; path = Base.lproj/Main.storyboard; sourceTree = "<group>"; };
		25B8FFB41A5A2F5500ECF493 /* Images.xcassets */ = {isa = PBXFileReference; lastKnownFileType = folder.assetcatalog; path = Images.xcassets; sourceTree = "<group>"; };
		25B8FFB71A5A2F5500ECF493 /* Base */ = {isa = PBXFileReference; lastKnownFileType = file.xib; name = Base; path = Base.lproj/LaunchScreen.xib; sourceTree = "<group>"; };
		25B8FFBD1A5A2F5500ECF493 /* 喜马拉雅Tests.xctest */ = {isa = PBXFileReference; explicitFileType = wrapper.cfbundle; includeInIndex = 0; path = "喜马拉雅Tests.xctest"; sourceTree = BUILT_PRODUCTS_DIR; };
		25B8FFC21A5A2F5500ECF493 /* Info.plist */ = {isa = PBXFileReference; lastKnownFileType = text.plist.xml; path = Info.plist; sourceTree = "<group>"; };
		25B8FFC31A5A2F5500ECF493 /* ____Tests.m */ = {isa = PBXFileReference; lastKnownFileType = sourcecode.c.objc; path = "____Tests.m"; sourceTree = "<group>"; };
		25B8FFCD1A5A6E1B00ECF493 /* BannerDelegate.h */ = {isa = PBXFileReference; fileEncoding = 4; lastKnownFileType = sourcecode.c.h; path = BannerDelegate.h; sourceTree = "<group>"; };
		25B8FFCE1A5A6E1B00ECF493 /* BannerDelegate.m */ = {isa = PBXFileReference; fileEncoding = 4; lastKnownFileType = sourcecode.c.objc; path = BannerDelegate.m; sourceTree = "<group>"; };
/* End PBXFileReference section */

/* Begin PBXFrameworksBuildPhase section */
		25B8FFA11A5A2F5500ECF493 /* Frameworks */ = {
			isa = PBXFrameworksBuildPhase;
			buildActionMask = 2147483647;
			files = (
			);
			runOnlyForDeploymentPostprocessing = 0;
		};
		25B8FFBA1A5A2F5500ECF493 /* Frameworks */ = {
			isa = PBXFrameworksBuildPhase;
			buildActionMask = 2147483647;
			files = (
			);
			runOnlyForDeploymentPostprocessing = 0;
		};
/* End PBXFrameworksBuildPhase section */

/* Begin PBXGroup section */
		25B8FF9B1A5A2F5500ECF493 = {
			isa = PBXGroup;
			children = (
				25B8FFA61A5A2F5500ECF493 /* 喜马拉雅 */,
				25B8FFC01A5A2F5500ECF493 /* 喜马拉雅Tests */,
				25B8FFA51A5A2F5500ECF493 /* Products */,
			);
			sourceTree = "<group>";
		};
		25B8FFA51A5A2F5500ECF493 /* Products */ = {
			isa = PBXGroup;
			children = (
				25B8FFA41A5A2F5500ECF493 /* 喜马拉雅.app */,
				25B8FFBD1A5A2F5500ECF493 /* 喜马拉雅Tests.xctest */,
			);
			name = Products;
			sourceTree = "<group>";
		};
		25B8FFA61A5A2F5500ECF493 /* 喜马拉雅 */ = {
			isa = PBXGroup;
			children = (
				25B8FFAB1A5A2F5500ECF493 /* AppDelegate.h */,
				25B8FFAC1A5A2F5500ECF493 /* AppDelegate.m */,
				25B8FFAE1A5A2F5500ECF493 /* ViewController.h */,
				25B8FFAF1A5A2F5500ECF493 /* ViewController.m */,
				25B8FFCD1A5A6E1B00ECF493 /* BannerDelegate.h */,
				25B8FFCE1A5A6E1B00ECF493 /* BannerDelegate.m */,
				25B8FFB11A5A2F5500ECF493 /* Main.storyboard */,
				25B8FFB41A5A2F5500ECF493 /* Images.xcassets */,
				25B8FFB61A5A2F5500ECF493 /* LaunchScreen.xib */,
				25B8FFA71A5A2F5500ECF493 /* Supporting Files */,
			);
			path = "喜马拉雅";
			sourceTree = "<group>";
		};
		25B8FFA71A5A2F5500ECF493 /* Supporting Files */ = {
			isa = PBXGroup;
			children = (
				25B8FFA81A5A2F5500ECF493 /* Info.plist */,
				25B8FFA91A5A2F5500ECF493 /* main.m */,
			);
			name = "Supporting Files";
			sourceTree = "<group>";
		};
		25B8FFC01A5A2F5500ECF493 /* 喜马拉雅Tests */ = {
			isa = PBXGroup;
			children = (
				25B8FFC31A5A2F5500ECF493 /* ____Tests.m */,
				25B8FFC11A5A2F5500ECF493 /* Supporting Files */,
			);
			path = "喜马拉雅Tests";
			sourceTree = "<group>";
		};
		25B8FFC11A5A2F5500ECF493 /* Supporting Files */ = {
			isa = PBXGroup;
			children = (
				25B8FFC21A5A2F5500ECF493 /* Info.plist */,
			);
			name = "Supporting Files";
			sourceTree = "<group>";
		};
/* End PBXGroup section */

/* Begin PBXNativeTarget section */
		25B8FFA31A5A2F5500ECF493 /* 喜马拉雅 */ = {
			isa = PBXNativeTarget;
			buildConfigurationList = 25B8FFC71A5A2F5500ECF493 /* Build configuration list for PBXNativeTarget "喜马拉雅" */;
			buildPhases = (
				25B8FFA01A5A2F5500ECF493 /* Sources */,
				25B8FFA11A5A2F5500ECF493 /* Frameworks */,
				25B8FFA21A5A2F5500ECF493 /* Resources */,
			);
			buildRules = (
			);
			dependencies = (
			);
			name = "喜马拉雅";
			productName = "喜马拉雅";
			productReference = 25B8FFA41A5A2F5500ECF493 /* 喜马拉雅.app */;
			productType = "com.apple.product-type.application";
		};
		25B8FFBC1A5A2F5500ECF493 /* 喜马拉雅Tests */ = {
			isa = PBXNativeTarget;
			buildConfigurationList = 25B8FFCA1A5A2F5500ECF493 /* Build configuration list for PBXNativeTarget "喜马拉雅Tests" */;
			buildPhases = (
				25B8FFB91A5A2F5500ECF493 /* Sources */,
				25B8FFBA1A5A2F5500ECF493 /* Frameworks */,
				25B8FFBB1A5A2F5500ECF493 /* Resources */,
			);
			buildRules = (
			);
			dependencies = (
				25B8FFBF1A5A2F5500ECF493 /* PBXTargetDependency */,
			);
			name = "喜马拉雅Tests";
			productName = "喜马拉雅Tests";
			productReference = 25B8FFBD1A5A2F5500ECF493 /* 喜马拉雅Tests.xctest */;
			productType = "com.apple.product-type.bundle.unit-test";
		};
/* End PBXNativeTarget section */

/* Begin PBXProject section */
		25B8FF9C1A5A2F5500ECF493 /* Project object */ = {
			isa = PBXProject;
			attributes = {
				LastUpgradeCheck = 0610;
				ORGANIZATIONNAME = xhj;
				TargetAttributes = {
					25B8FFA31A5A2F5500ECF493 = {
						CreatedOnToolsVersion = 6.1.1;
					};
					25B8FFBC1A5A2F5500ECF493 = {
						CreatedOnToolsVersion = 6.1.1;
						TestTargetID = 25B8FFA31A5A2F5500ECF493;
					};
				};
			};
			buildConfigurationList = 25B8FF9F1A5A2F5500ECF493 /* Build configuration list for PBXProject "喜马拉雅" */;
			compatibilityVersion = "Xcode 3.2";
			developmentRegion = English;
			hasScannedForEncodings = 0;
			knownRegions = (
				en,
				Base,
			);
			mainGroup = 25B8FF9B1A5A2F5500ECF493;
			productRefGroup = 25B8FFA51A5A2F5500ECF493 /* Products */;
			projectDirPath = "";
			projectRoot = "";
			targets = (
				25B8FFA31A5A2F5500ECF493 /* 喜马拉雅 */,
				25B8FFBC1A5A2F5500ECF493 /* 喜马拉雅Tests */,
			);
		};
/* End PBXProject section */

/* Begin PBXResourcesBuildPhase section */
		25B8FFA21A5A2F5500ECF493 /* Resources */ = {
			isa = PBXResourcesBuildPhase;
			buildActionMask = 2147483647;
			files = (
				25B8FFB31A5A2F5500ECF493 /* Main.storyboard in Resources */,
				25B8FFB81A5A2F5500ECF493 /* LaunchScreen.xib in Resources */,
				25B8FFB51A5A2F5500ECF493 /* Images.xcassets in Resources */,
			);
			runOnlyForDeploymentPostprocessing = 0;
		};
		25B8FFBB1A5A2F5500ECF493 /* Resources */ = {
			isa = PBXResourcesBuildPhase;
			buildActionMask = 2147483647;
			files = (
			);
			runOnlyForDeploymentPostprocessing = 0;
		};
/* End PBXResourcesBuildPhase section */

/* Begin PBXSourcesBuildPhase section */
		25B8FFA01A5A2F5500ECF493 /* Sources */ = {
			isa = PBXSourcesBuildPhase;
			buildActionMask = 2147483647;
			files = (
				25B8FFCF1A5A6E1B00ECF493 /* BannerDelegate.m in Sources */,
				25B8FFB01A5A2F5500ECF493 /* ViewController.m in Sources */,
				25B8FFAD1A5A2F5500ECF493 /* AppDelegate.m in Sources */,
				25B8FFAA1A5A2F5500ECF493 /* main.m in Sources */,
			);
			runOnlyForDeploymentPostprocessing = 0;
		};
		25B8FFB91A5A2F5500ECF493 /* Sources */ = {
			isa = PBXSourcesBuildPhase;
			buildActionMask = 2147483647;
			files = (
				25B8FFC41A5A2F5500ECF493 /* ____Tests.m in Sources */,
			);
			runOnlyForDeploymentPostprocessing = 0;
		};
/* End PBXSourcesBuildPhase section */

/* Begin PBXTargetDependency section */
		25B8FFBF1A5A2F5500ECF493 /* PBXTargetDependency */ = {
			isa = PBXTargetDependency;
			target = 25B8FFA31A5A2F5500ECF493 /* 喜马拉雅 */;
			targetProxy = 25B8FFBE1A5A2F5500ECF493 /* PBXContainerItemProxy */;
		};
/* End PBXTargetDependency section */

/* Begin PBXVariantGroup section */
		25B8FFB11A5A2F5500ECF493 /* Main.storyboard */ = {
			isa = PBXVariantGroup;
			children = (
				25B8FFB21A5A2F5500ECF493 /* Base */,
			);
			name = Main.storyboard;
			sourceTree = "<group>";
		};
		25B8FFB61A5A2F5500ECF493 /* LaunchScreen.xib */ = {
			isa = PBXVariantGroup;
			children = (
				25B8FFB71A5A2F5500ECF493 /* Base */,
			);
			name = LaunchScreen.xib;
			sourceTree = "<group>";
		};
/* End PBXVariantGroup section */

/* Begin XCBuildConfiguration section */
		25B8FFC51A5A2F5500ECF493 /* Debug */ = {
			isa = XCBuildConfiguration;
			buildSettings = {
				ALWAYS_SEARCH_USER_PATHS = NO;
				CLANG_CXX_LANGUAGE_STANDARD = "gnu++0x";
				CLANG_CXX_LIBRARY = "libc++";
				CLANG_ENABLE_MODULES = YES;
				CLANG_ENABLE_OBJC_ARC = YES;
				CLANG_WARN_BOOL_CONVERSION = YES;
				CLANG_WARN_CONSTANT_CONVERSION = YES;
				CLANG_WARN_DIRECT_OBJC_ISA_USAGE = YES_ERROR;
				CLANG_WARN_EMPTY_BODY = YES;
				CLANG_WARN_ENUM_CONVERSION = YES;
				CLANG_WARN_INT_CONVERSION = YES;
				CLANG_WARN_OBJC_ROOT_CLASS = YES_ERROR;
				CLANG_WARN_UNREACHABLE_CODE = YES;
				CLANG_WARN__DUPLICATE_METHOD_MATCH = YES;
				"CODE_SIGN_IDENTITY[sdk=iphoneos*]" = "iPhone Developer";
				COPY_PHASE_STRIP = NO;
				ENABLE_STRICT_OBJC_MSGSEND = YES;
				GCC_C_LANGUAGE_STANDARD = gnu99;
				GCC_DYNAMIC_NO_PIC = NO;
				GCC_OPTIMIZATION_LEVEL = 0;
				GCC_PREPROCESSOR_DEFINITIONS = (
					"DEBUG=1",
					"$(inherited)",
				);
				GCC_SYMBOLS_PRIVATE_EXTERN = NO;
				GCC_WARN_64_TO_32_BIT_CONVERSION = YES;
				GCC_WARN_ABOUT_RETURN_TYPE = YES_ERROR;
				GCC_WARN_UNDECLARED_SELECTOR = YES;
				GCC_WARN_UNINITIALIZED_AUTOS = YES_AGGRESSIVE;
				GCC_WARN_UNUSED_FUNCTION = YES;
				GCC_WARN_UNUSED_VARIABLE = YES;
				IPHONEOS_DEPLOYMENT_TARGET = 8.1;
				MTL_ENABLE_DEBUG_INFO = YES;
				ONLY_ACTIVE_ARCH = YES;
				SDKROOT = iphoneos;
			};
			name = Debug;
		};
		25B8FFC61A5A2F5500ECF493 /* Release */ = {
			isa = XCBuildConfiguration;
			buildSettings = {
				ALWAYS_SEARCH_USER_PATHS = NO;
				CLANG_CXX_LANGUAGE_STANDARD = "gnu++0x";
				CLANG_CXX_LIBRARY = "libc++";
				CLANG_ENABLE_MODULES = YES;
				CLANG_ENABLE_OBJC_ARC = YES;
				CLANG_WARN_BOOL_CONVERSION = YES;
				CLANG_WARN_CONSTANT_CONVERSION = YES;
				CLANG_WARN_DIRECT_OBJC_ISA_USAGE = YES_ERROR;
				CLANG_WARN_EMPTY_BODY = YES;
				CLANG_WARN_ENUM_CONVERSION = YES;
				CLANG_WARN_INT_CONVERSION = YES;
				CLANG_WARN_OBJC_ROOT_CLASS = YES_ERROR;
				CLANG_WARN_UNREACHABLE_CODE = YES;
				CLANG_WARN__DUPLICATE_METHOD_MATCH = YES;
				"CODE_SIGN_IDENTITY[sdk=iphoneos*]" = "iPhone Developer";
				COPY_PHASE_STRIP = YES;
				ENABLE_NS_ASSERTIONS = NO;
				ENABLE_STRICT_OBJC_MSGSEND = YES;
				GCC_C_LANGUAGE_STANDARD = gnu99;
				GCC_WARN_64_TO_32_BIT_CONVERSION = YES;
				GCC_WARN_ABOUT_RETURN_TYPE = YES_ERROR;
				GCC_WARN_UNDECLARED_SELECTOR = YES;
				GCC_WARN_UNINITIALIZED_AUTOS = YES_AGGRESSIVE;
				GCC_WARN_UNUSED_FUNCTION = YES;
				GCC_WARN_UNUSED_VARIABLE = YES;
				IPHONEOS_DEPLOYMENT_TARGET = 8.1;
				MTL_ENABLE_DEBUG_INFO = NO;
				SDKROOT = iphoneos;
				VALIDATE_PRODUCT = YES;
			};
			name = Release;
		};
		25B8FFC81A5A2F5500ECF493 /* Debug */ = {
			isa = XCBuildConfiguration;
			buildSettings = {
				ASSETCATALOG_COMPILER_APPICON_NAME = AppIcon;
				INFOPLIST_FILE = "喜马拉雅/Info.plist";
				LD_RUNPATH_SEARCH_PATHS = "$(inherited) @executable_path/Frameworks";
				PRODUCT_NAME = "$(TARGET_NAME)";
			};
			name = Debug;
		};
		25B8FFC91A5A2F5500ECF493 /* Release */ = {
			isa = XCBuildConfiguration;
			buildSettings = {
				ASSETCATALOG_COMPILER_APPICON_NAME = AppIcon;
				INFOPLIST_FILE = "喜马拉雅/Info.plist";
				LD_RUNPATH_SEARCH_PATHS = "$(inherited) @executable_path/Frameworks";
				PRODUCT_NAME = "$(TARGET_NAME)";
			};
			name = Release;
		};
		25B8FFCB1A5A2F5500ECF493 /* Debug */ = {
			isa = XCBuildConfiguration;
			buildSettings = {
				BUNDLE_LOADER = "$(TEST_HOST)";
				FRAMEWORK_SEARCH_PATHS = (
					"$(SDKROOT)/Developer/Library/Frameworks",
					"$(inherited)",
				);
				GCC_PREPROCESSOR_DEFINITIONS = (
					"DEBUG=1",
					"$(inherited)",
				);
				INFOPLIST_FILE = "喜马拉雅Tests/Info.plist";
				LD_RUNPATH_SEARCH_PATHS = "$(inherited) @executable_path/Frameworks @loader_path/Frameworks";
				PRODUCT_NAME = "$(TARGET_NAME)";
				TEST_HOST = "$(BUILT_PRODUCTS_DIR)/喜马拉雅.app/喜马拉雅";
			};
			name = Debug;
		};
		25B8FFCC1A5A2F5500ECF493 /* Release */ = {
			isa = XCBuildConfiguration;
			buildSettings = {
				BUNDLE_LOADER = "$(TEST_HOST)";
				FRAMEWORK_SEARCH_PATHS = (
					"$(SDKROOT)/Developer/Library/Frameworks",
					"$(inherited)",
				);
				INFOPLIST_FILE = "喜马拉雅Tests/Info.plist";
				LD_RUNPATH_SEARCH_PATHS = "$(inherited) @executable_path/Frameworks @loader_path/Frameworks";
				PRODUCT_NAME = "$(TARGET_NAME)";
				TEST_HOST = "$(BUILT_PRODUCTS_DIR)/喜马拉雅.app/喜马拉雅";
			};
			name = Release;
		};
/* End XCBuildConfiguration section */

/* Begin XCConfigurationList section */
		25B8FF9F1A5A2F5500ECF493 /* Build configuration list for PBXProject "喜马拉雅" */ = {
			isa = XCConfigurationList;
			buildConfigurations = (
				25B8FFC51A5A2F5500ECF493 /* Debug */,
				25B8FFC61A5A2F5500ECF493 /* Release */,
			);
			defaultConfigurationIsVisible = 0;
			defaultConfigurationName = Release;
		};
		25B8FFC71A5A2F5500ECF493 /* Build configuration list for PBXNativeTarget "喜马拉雅" */ = {
			isa = XCConfigurationList;
			buildConfigurations = (
				25B8FFC81A5A2F5500ECF493 /* Debug */,
				25B8FFC91A5A2F5500ECF493 /* Release */,
			);
			defaultConfigurationIsVisible = 0;
		};
		25B8FFCA1A5A2F5500ECF493 /* Build configuration list for PBXNativeTarget "喜马拉雅Tests" */ = {
			isa = XCConfigurationList;
			buildConfigurations = (
				25B8FFCB1A5A2F5500ECF493 /* Debug */,
				25B8FFCC1A5A2F5500ECF493 /* Release */,
			);
			defaultConfigurationIsVisible = 0;
		};
/* End XCConfigurationList section */
	};
	rootObject = 25B8FF9C1A5A2F5500ECF493 /* Project object */;
}
